
Microsoft Visual Studio Solution File, Format Version 12.00
# Visual Studio Version 16
VisualStudioVersion = 16.0.29009.5
MinimumVisualStudioVersion = 10.0.40219.1
Project("{FAE04EC0-301F-11D3-BF4B-00C04F79EFBC}") = "Conveyer", "Conveyer\Conveyer.csproj", "{F181B4F4-CDFC-4337-92A8-3D691D5345A1}"
EndProject
Global
	GlobalSection(SolutionConfigurationPlatforms) = preSolution
		Debug|Any CPU = Debug|Any CPU
		Release|Any CPU = Release|Any CPU
	EndGlobalSection
	GlobalSection(ProjectConfigurationPlatforms) = postSolution
		{F181B4F4-CDFC-4337-92A8-3D691D5345A1}.Debug|Any CPU.ActiveCfg = Debug|Any CPU
		{F181B4F4-CDFC-4337-92A8-3D691D5345A1}.Debug|Any CPU.Build.0 = Debug|Any CPU
		{F181B4F4-CDFC-4337-92A8-3D691D5345A1}.Release|Any CPU.ActiveCfg = Release|Any CPU
		{F181B4F4-CDFC-4337-92A8-3D691D5345A1}.Release|Any CPU.Build.0 = Release|Any CPU
	EndGlobalSection
	GlobalSection(SolutionProperties) = preSolution
		HideSolutionNode = FALSE
	EndGlobalSection
	GlobalSection(ExtensibilityGlobals) = postSolution
		SolutionGuid = {E66111F7-C620-4FA7-B5C9-6576F6A7F54F}
	EndGlobalSection
EndGlobal
